hash: 3850ad0cc0d7bcc6dc183037940f9ab903b075468e5e9bfaf23beecaf1f54f3c
updated: 2016-02-18T11:43:58.2167755-08:00
imports:
- name: bitbucket.org/pkg/inflect
  version: 8961c3750a47
- name: github.com/alecthomas/kingpin
  version: aef28d186e59d39ed537473dfce4472108ea1045
  repo: https://github.com/alecthomas/kingpin
  vcs: git
- name: github.com/alecthomas/template
  version: b867cc6ab45cece8143cfcc6fc9c77cf3f2c23c0
  subpackages:
  - parse
- name: github.com/alecthomas/units
  version: 6b4e7dc5e3143b85ea77909c72caf89416fc2915
- name: github.com/armon/consul-api
  version: dcfedd50ed5334f96adee43fc88518a4f095e15c
- name: github.com/BurntSushi/toml
  version: 5c4df71dfe9ac89ef6287afc05e4c1b16ae65a1e
- name: github.com/coddingtonbear/go-simplejson
  version: a582018feafb39c4884d1b03cad98b91e2804276
- name: github.com/coreos/go-etcd
  version: 003851be7bb0694fe3cc457a49529a19388ee7cf
  subpackages:
  - etcd
- name: github.com/davecgh/go-spew
  version: 2df174808ee097f90d259e432cc04442cf60be21
  subpackages:
  - spew
- name: github.com/douglaswth/rsrdp
  version: 276cfcdf9e5215951fc37cea520b3a278a999cfb
  subpackages:
  - /win32
  - win32
- name: github.com/go-yaml/yaml
  version: d1ed510449924a57f7b6e3cac374691332141316
  repo: https://github.com/douglaswth/yaml
  vcs: git
- name: github.com/golang/protobuf
  version: 8ea33d25124a63a964f248594fdd8887178543f2
  subpackages:
  - proto
  - proto/testdata
- name: github.com/hashicorp/hcl
  version: 1c284ec98f4b398443cbabb0d9197f7f4cc0077c
  subpackages:
  - hcl/ast
  - hcl/parser
  - hcl/token
  - json/parser
  - hcl/printer
  - hcl/scanner
  - json/scanner
  - json/token
- name: github.com/jessevdk/go-flags
  version: 97448c91aac742cbca3d020b3e769013a420a06f
- name: github.com/kardianos/osext
  version: 29ae4ffbc9a6fe9fb2bc5029050ce6996ea1d3bc
- name: github.com/kr/pretty
  version: e6ac2fc51e89a3249e82157fa0bb7a18ef9dd5bb
- name: github.com/kr/pty
  version: f7ee69f31298ecbe5d2b349c711e2547a617d398
- name: github.com/kr/text
  version: bb797dc4fb8320488f47bf11de07a733d7233e1f
- name: github.com/magiconair/properties
  version: c81f9d71af8f8cba1466501d30326b99a4e56c19
- name: github.com/mattn/go-colorable
  version: 9fdad7c47650b7d2e1da50644c1f4ba7f172f252
- name: github.com/mattn/go-isatty
  version: 56b76bdf51f7708750eac80fa38b952bb9f32639
- name: github.com/mitchellh/mapstructure
  version: 281073eb9eb092240d33ef253c404f1cca550309
- name: github.com/onsi/ginkgo
  version: 07d85e6b10c4289c7d612f9b13f45ba36f66d55b
  subpackages:
  - ginkgo
  - config
  - internal/codelocation
  - internal/failer
  - internal/remote
  - internal/suite
  - internal/testingtproxy
  - internal/writer
  - reporters
  - reporters/stenographer
  - types
  - ginkgo/convert
  - ginkgo/interrupthandler
  - ginkgo/nodot
  - ginkgo/testrunner
  - ginkgo/testsuite
  - ginkgo/watch
  - internal/leafnodes
- name: github.com/onsi/gomega
  version: c72df929b80ef4930aaa75d5e486887ff2f3e06a
  subpackages:
  - gomega
  - internal/assertion
  - internal/asyncassertion
  - internal/testingtsupport
  - matchers
  - types
  - internal/oraclematcher
  - matchers/support/goraph/bipartitegraph
  - matchers/support/goraph/edge
  - matchers/support/goraph/node
  - matchers/support/goraph/util
- name: github.com/pmezard/go-difflib
  version: d8ed2627bdf02c080bf22230dbb337003b7aba2d
  subpackages:
  - difflib
- name: github.com/rightscale/go-jsonselect
  version: d04eebe26072b09f780b43c72c6df71b12b8d105
- name: github.com/rightscale/rsc
  version: 2f0acc0b900d46527be71a0490076fcbde135280
  repo: https://github.com/lopaka/rsc
  vcs: git
  subpackages:
  - ca
  - cm15
  - cm16
  - cmd
  - log
  - rl10
  - rsapi
  - ss
  - ca/cac
  - metadata
  - httpclient
  - gen/writers
  - gen/writers/text
  - recording
  - ss/ssc
  - ss/ssd
  - ss/ssm
- name: github.com/rlmcpherson/s3gof3r
  version: 39f5507f61031141057f3f880d9fb9eb97b8afd7
  subpackages:
  - gof3r
- name: github.com/spf13/cast
  version: ee7b3e0353166ab1f3a605294ac8cd2b77953778
- name: github.com/spf13/jwalterweatherman
  version: d00654080cddbd2b082acaa74007cb94a2b40866
- name: github.com/spf13/pflag
  version: 7f60f83a2c81bc3c3c0d5297f61ddfa68da9d3b7
- name: github.com/spf13/viper
  version: c975dc1b4eacf4ec7fdbf0873638de5d090ba323
- name: github.com/stretchr/objx
  version: cbeaeb16a013161a98496fad62933b1d21786672
- name: github.com/stretchr/testify
  version: 9f9027faeb0dad515336ed2f28317f9f8f527ab4
  subpackages:
  - assert
  - http
  - mock
- name: github.com/tonnerre/golang-pretty
  version: e7fccc03e91bad289b96c21aa3312a220689bdd7
- name: github.com/ugorji/go
  version: 646ae4a518c1c3be0739df898118d9bccf993858
  subpackages:
  - codec
- name: github.com/xordataexchange/crypt
  version: 749e360c8f236773f28fc6d3ddfce4a470795227
  subpackages:
  - config
  - backend
  - backend/consul
  - backend/etcd
  - encoding/secconf
- name: golang.org/x/crypto
  version: 1f22c0103821b9390939b6776727195525381532
  subpackages:
  - openpgp
  - openpgp/armor
  - openpgp/errors
  - openpgp/packet
  - openpgp/s2k
  - cast5
- name: golang.org/x/net
  version: 7f88271ea9913b72aca44fa7fc8af919eacc17ce
  subpackages:
  - html
  - html/atom
  - websocket
- name: golang.org/x/text
  version: 3cf1a407a4e2eedab950cb2caa897cb185354d0f
  subpackages:
  - encoding
  - encoding/charmap
  - encoding/htmlindex
  - transform
  - encoding/internal/identifier
  - encoding/internal
  - encoding/japanese
  - encoding/korean
  - encoding/simplifiedchinese
  - encoding/traditionalchinese
  - encoding/unicode
  - language
  - internal/utf8internal
  - runes
  - internal/tag
- name: golang.org/x/tools
  version: 344080534465c5613c3563c30fd38c031073841d
  subpackages:
  - cmd/cover
  - blog/atom
  - present
  - go/loader
  - go/buildutil
  - go/callgraph
  - go/callgraph/cha
  - go/callgraph/rta
  - go/callgraph/static
  - go/pointer
  - go/ssa
  - go/ssa/ssautil
  - cover
  - refactor/eg
  - go/exact
  - go/gccgoimporter
  - go/gcimporter
  - go/types
  - godoc
  - godoc/analysis
  - godoc/redirect
  - godoc/static
  - godoc/vfs
  - godoc/vfs/gatefs
  - godoc/vfs/mapfs
  - godoc/vfs/zipfs
  - playground
  - imports
  - refactor/rename
  - oracle
  - playground/socket
  - go/ssa/interp
  - cmd/vet/whitelist
  - go/types/typeutil
  - go/importer
  - godoc/util
  - godoc/vfs/httpfs
  - oracle/serial
  - refactor/importgraph
  - refactor/satisfy
- name: gopkg.in/alecthomas/kingpin.v2
  version: 639879d6110b1b0409410c7b737ef0bb18325038
- name: gopkg.in/fsnotify.v1
  version: 8611c35ab31c1c28aa903d33cf8b6e44a399b09e
- name: gopkg.in/inconshreveable/log15.v2
  version: dc7890abeaadcb6a79a9a5ee30bc1897bbf97713
  subpackages:
  - stack
  - term
- name: gopkg.in/rightscale/rsc.v4
  version: f2ecdb2262ecbec071d1232315e3817ebc180ff4
  subpackages:
  - cm15
  - cm16
  - log
  - rsapi
  - cmd
  - metadata
  - httpclient
  - recording
- name: gopkg.in/yaml.v2
  version: f7716cbe52baa25d2e9b0d0da546fcf909fc16b4
devImports: []
