hash: e5625cd23ff5e4f4a782c882cf301f51a64a9d489f197d66c2e79134c99198fd
updated: 2016-07-21T15:43:40.2992599-07:00
imports:
- name: bitbucket.org/pkg/inflect
  version: 8961c3750a47
- name: github.com/alecthomas/kingpin
  version: aef28d186e59d39ed537473dfce4472108ea1045
  repo: https://github.com/alecthomas/kingpin
  vcs: git
- name: github.com/alecthomas/template
  version: b867cc6ab45cece8143cfcc6fc9c77cf3f2c23c0
  subpackages:
  - parse
- name: github.com/alecthomas/units
  version: 6b4e7dc5e3143b85ea77909c72caf89416fc2915
- name: github.com/armon/consul-api
  version: dcfedd50ed5334f96adee43fc88518a4f095e15c
- name: github.com/BurntSushi/toml
  version: a4eecd407cf4129fc902ece859a0114e4cf1a7f4
- name: github.com/coddingtonbear/go-simplejson
  version: a582018feafb39c4884d1b03cad98b91e2804276
- name: github.com/coreos/go-etcd
  version: 003851be7bb0694fe3cc457a49529a19388ee7cf
  subpackages:
  - etcd
- name: github.com/davecgh/go-spew
  version: 2df174808ee097f90d259e432cc04442cf60be21
  subpackages:
  - spew
- name: github.com/douglaswth/rsrdp
  version: 276cfcdf9e5215951fc37cea520b3a278a999cfb
  subpackages:
  - /win32
  - win32
- name: github.com/go-yaml/yaml
  version: d1ed510449924a57f7b6e3cac374691332141316
  repo: https://github.com/douglaswth/yaml
  vcs: git
- name: github.com/golang/protobuf
  version: 68415e7123da32b07eab49c96d2c4d6158360e9b
  subpackages:
  - proto
  - proto/testdata
- name: github.com/hashicorp/hcl
  version: 1c284ec98f4b398443cbabb0d9197f7f4cc0077c
  subpackages:
  - hcl/ast
  - hcl/parser
  - hcl/token
  - json/parser
  - hcl/printer
  - hcl/scanner
  - json/scanner
  - json/token
- name: github.com/inconshreveable/go-update
  version: 8152e7eb6ccf8679a64582a66b78519688d156ad
  subpackages:
  - internal/binarydist
  - internal/osext
- name: github.com/jessevdk/go-flags
  version: f2785f5820ec967043de79c8be97edfc464ca745
- name: github.com/kardianos/osext
  version: 29ae4ffbc9a6fe9fb2bc5029050ce6996ea1d3bc
- name: github.com/kr/pretty
  version: e6ac2fc51e89a3249e82157fa0bb7a18ef9dd5bb
- name: github.com/kr/pty
  version: a6bad5ee6fc60cad43d219214dd2449bf077f3f5
- name: github.com/kr/text
  version: bb797dc4fb8320488f47bf11de07a733d7233e1f
- name: github.com/magiconair/properties
  version: 497d0afefddf378f9ffb3c89db6a326985908519
- name: github.com/mattn/go-colorable
  version: 40e4aedc8fabf8c23e040057540867186712faa5
- name: github.com/mattn/go-isatty
  version: ae0b1f8f8004be68d791a576e3d8e7648ab41449
- name: github.com/mitchellh/mapstructure
  version: d2dd0262208475919e1a362f675cfc0e7c10e905
- name: github.com/onsi/ginkgo
  version: 17ea479729ee427265ac1e913443018350946ddf
  subpackages:
  - config
  - internal/codelocation
  - internal/failer
  - internal/remote
  - internal/suite
  - internal/testingtproxy
  - internal/writer
  - reporters
  - reporters/stenographer
  - types
  - ginkgo/convert
  - ginkgo/interrupthandler
  - ginkgo/nodot
  - ginkgo/testrunner
  - ginkgo/testsuite
  - ginkgo/watch
  - internal/leafnodes
- name: github.com/onsi/gomega
  version: 82a02eccf12c018071eef42fbb701c0db6f1e3db
  subpackages:
  - internal/assertion
  - internal/asyncassertion
  - internal/testingtsupport
  - matchers
  - types
  - internal/oraclematcher
  - matchers/support/goraph/bipartitegraph
  - matchers/support/goraph/edge
  - matchers/support/goraph/node
  - matchers/support/goraph/util
- name: github.com/pmezard/go-difflib
  version: d8ed2627bdf02c080bf22230dbb337003b7aba2d
  subpackages:
  - difflib
- name: github.com/rightscale/go-jsonselect
  version: d04eebe26072b09f780b43c72c6df71b12b8d105
- name: github.com/rightscale/rsc
  version: e2add1ac61cbe02373a7e6510251b8ecfcd998d9
  vcs: git
  subpackages:
  - ca
  - cm15
  - cm16
  - cmd
  - httpclient
  - log
  - rl10
  - rsapi
  - ss
  - ca/cac
  - metadata
  - gen/writers
  - gen/writers/text
  - recording
  - ss/ssc
  - ss/ssd
  - ss/ssm
- name: github.com/rlmcpherson/s3gof3r
  version: 39f5507f61031141057f3f880d9fb9eb97b8afd7
  subpackages:
  - gof3r
- name: github.com/spf13/cast
  version: ee7b3e0353166ab1f3a605294ac8cd2b77953778
- name: github.com/spf13/jwalterweatherman
  version: d00654080cddbd2b082acaa74007cb94a2b40866
- name: github.com/spf13/pflag
  version: 7f60f83a2c81bc3c3c0d5297f61ddfa68da9d3b7
- name: github.com/spf13/viper
  version: c975dc1b4eacf4ec7fdbf0873638de5d090ba323
- name: github.com/stretchr/objx
  version: cbeaeb16a013161a98496fad62933b1d21786672
- name: github.com/stretchr/testify
  version: 1f4a1643a57e798696635ea4c126e9127adb7d3c
  subpackages:
  - assert
  - http
  - mock
- name: github.com/tonnerre/golang-pretty
  version: e7fccc03e91bad289b96c21aa3312a220689bdd7
- name: github.com/ugorji/go
  version: b94837a2404ab90efe9289e77a70694c355739cb
  subpackages:
  - codec
- name: github.com/xordataexchange/crypt
  version: 749e360c8f236773f28fc6d3ddfce4a470795227
  subpackages:
  - config
  - backend
  - backend/consul
  - backend/etcd
  - encoding/secconf
- name: golang.org/x/crypto
  version: 10c26747e67d76ad4fafe6087c6f4073c3b22942
  subpackages:
  - openpgp
  - openpgp/armor
  - openpgp/errors
  - openpgp/packet
  - openpgp/s2k
  - cast5
- name: golang.org/x/net
  version: 66f0418ca41253f8d1a024eb9754e9441a8e79b9
  subpackages:
  - html
  - html/atom
  - websocket
  - context
  - context/ctxhttp
- name: golang.org/x/text
  version: d5d7737684e596dbabf914ecf946d2783f35bdc2
  subpackages:
  - encoding
  - encoding/charmap
  - encoding/japanese
  - encoding/korean
  - encoding/simplifiedchinese
  - encoding/traditionalchinese
  - encoding/unicode
  - transform
  - encoding/internal/identifier
  - encoding/internal
  - language
  - internal/utf8internal
  - runes
  - internal/tag
- name: golang.org/x/tools
  version: e852fdd89f1a2f53b9538a99c21a44a9f199218b
  subpackages:
  - cmd/cover
  - blog/atom
  - present
  - go/loader
  - go/buildutil
  - go/callgraph
  - go/callgraph/cha
  - go/callgraph/rta
  - go/callgraph/static
  - go/pointer
  - go/ssa
  - go/ssa/ssautil
  - cover
  - refactor/eg
  - go/exact
  - go/gccgoimporter
  - go/gcimporter
  - go/types
  - godoc
  - godoc/analysis
  - godoc/redirect
  - godoc/static
  - godoc/vfs
  - godoc/vfs/gatefs
  - godoc/vfs/mapfs
  - godoc/vfs/zipfs
  - playground
  - imports
  - refactor/rename
  - cmd/guru/serial
  - go/ast/astutil
  - go/types/typeutil
  - refactor/importgraph
  - oracle
  - playground/socket
  - go/ssa/interp
  - cmd/vet/whitelist
  - go/importer
  - godoc/util
  - godoc/vfs/httpfs
  - oracle/serial
  - refactor/satisfy
- name: gopkg.in/alecthomas/kingpin.v2
  version: 639879d6110b1b0409410c7b737ef0bb18325038
- name: gopkg.in/fsnotify.v1
  version: 8611c35ab31c1c28aa903d33cf8b6e44a399b09e
- name: gopkg.in/inconshreveable/log15.v2
  version: dc7890abeaadcb6a79a9a5ee30bc1897bbf97713
  subpackages:
  - stack
  - term
- name: gopkg.in/rightscale/rsc.v4
  version: f2ecdb2262ecbec071d1232315e3817ebc180ff4
  subpackages:
  - cm15
  - cm16
  - log
  - rsapi
  - cmd
  - metadata
  - httpclient
  - recording
- name: gopkg.in/yaml.v2
  version: f7716cbe52baa25d2e9b0d0da546fcf909fc16b4
devImports: []
