hash: 661b8d7cc4d33ab5e0cf917a3c751b3df4c36b6037422edaf2a588db61fde6f8
updated: 2016-10-19T15:49:30.606317772-07:00
imports:
- name: github.com/alecthomas/kingpin
  version: aef28d186e59d39ed537473dfce4472108ea1045
  repo: https://github.com/alecthomas/kingpin
  vcs: git
- name: github.com/alecthomas/template
  version: b867cc6ab45cece8143cfcc6fc9c77cf3f2c23c0
  subpackages:
  - parse
- name: github.com/alecthomas/units
  version: 6b4e7dc5e3143b85ea77909c72caf89416fc2915
- name: github.com/BurntSushi/toml
  version: a4eecd407cf4129fc902ece859a0114e4cf1a7f4
- name: github.com/douglaswth/rsrdp
  version: 276cfcdf9e5215951fc37cea520b3a278a999cfb
  subpackages:
  - win32
- name: github.com/go-stack/stack
  version: 100eb0c0a9c5b306ca2fb4f165df21d80ada4b82
- name: github.com/go-yaml/yaml
  version: d1ed510449924a57f7b6e3cac374691332141316
  repo: https://github.com/douglaswth/yaml
  vcs: git
- name: github.com/hashicorp/hcl
  version: 1c284ec98f4b398443cbabb0d9197f7f4cc0077c
  subpackages:
  - hcl/ast
  - hcl/parser
  - hcl/token
  - json/parser
  - hcl/scanner
  - hcl/strconv
  - json/scanner
  - json/token
- name: github.com/inconshreveable/go-update
  version: 8152e7eb6ccf8679a64582a66b78519688d156ad
  subpackages:
  - internal/binarydist
  - internal/osext
- name: github.com/inconshreveable/log15
  version: 944cbfb97b448e4f63f0bdb69c2850e3de1aeae9
  subpackages:
  - term
- name: github.com/kardianos/osext
  version: 29ae4ffbc9a6fe9fb2bc5029050ce6996ea1d3bc
- name: github.com/kr/pretty
  version: e6ac2fc51e89a3249e82157fa0bb7a18ef9dd5bb
- name: github.com/kr/text
  version: bb797dc4fb8320488f47bf11de07a733d7233e1f
- name: github.com/magiconair/properties
  version: 497d0afefddf378f9ffb3c89db6a326985908519
- name: github.com/mattn/go-colorable
  version: 40e4aedc8fabf8c23e040057540867186712faa5
- name: github.com/mattn/go-isatty
  version: ae0b1f8f8004be68d791a576e3d8e7648ab41449
- name: github.com/mitchellh/mapstructure
  version: d2dd0262208475919e1a362f675cfc0e7c10e905
- name: github.com/onsi/ginkgo
  version: 17ea479729ee427265ac1e913443018350946ddf
- name: github.com/onsi/gomega
  version: 82a02eccf12c018071eef42fbb701c0db6f1e3db
- name: github.com/rightscale/rsc
  version: dcb9fdc5ca05e315a8a5a731e254cabeef968c79
  vcs: git
  subpackages:
  - cm15
  - cm16
  - httpclient
  - log
  - rsapi
  - cmd
  - metadata
  - recording
- name: github.com/rlmcpherson/s3gof3r
  version: 39f5507f61031141057f3f880d9fb9eb97b8afd7
  subpackages:
  - gof3r
- name: github.com/spf13/cast
  version: ee7b3e0353166ab1f3a605294ac8cd2b77953778
- name: github.com/spf13/jwalterweatherman
  version: d00654080cddbd2b082acaa74007cb94a2b40866
- name: github.com/spf13/pflag
  version: 7f60f83a2c81bc3c3c0d5297f61ddfa68da9d3b7
- name: github.com/spf13/viper
  version: c975dc1b4eacf4ec7fdbf0873638de5d090ba323
- name: github.com/stretchr/testify
  version: 1f4a1643a57e798696635ea4c126e9127adb7d3c
- name: github.com/tonnerre/golang-pretty
  version: e7fccc03e91bad289b96c21aa3312a220689bdd7
- name: golang.org/x/net
  version: 66f0418ca41253f8d1a024eb9754e9441a8e79b9
  subpackages:
  - context
  - context/ctxhttp
- name: golang.org/x/sys
  version: 002cbb5f952456d0c50e0d2aff17ea5eca716979
  subpackages:
  - unix
- name: golang.org/x/tools
  version: e852fdd89f1a2f53b9538a99c21a44a9f199218b
  subpackages:
  - cmd/cover
- name: gopkg.in/alecthomas/kingpin.v2
  version: e9044be3ab2a8e11d4e1f418d12f0790d57e8d70
- name: gopkg.in/fsnotify.v1
  version: 8611c35ab31c1c28aa903d33cf8b6e44a399b09e
- name: gopkg.in/yaml.v2
  version: f7716cbe52baa25d2e9b0d0da546fcf909fc16b4
testImports: []
